{
    "_meta": {
        "hash": {
            "sha256": "2436b13c612a29bc35503a32cba40a591724e925ed04484d7236571442b81152"
        },
        "pipfile-spec": 6,
        "requires": {
            "python_version": "3.11"
        },
        "sources": [
            {
                "name": "pypi",
                "url": "https://pypi.org/simple",
                "verify_ssl": true
            }
        ]
    },
    "default": {
        "ghp-import": {
            "hashes": [
                "sha256:6058810e1c46dd3b5b1eee87e203bdfbd566e10cfc77566edda7aa4dbf6a3053"
            ],
            "index": "pypi",
            "version": "==0.4.1"
        }
    },
    "develop": {}
}
